
Microsoft Visual Studio Solution File, Format Version 12.00
# Visual Studio Version 16
VisualStudioVersion = 16.0.30804.86
MinimumVisualStudioVersion = 10.0.40219.1
Project("{8BC9CEB8-8B4A-11D0-8D11-00A0C91BC942}") = "14. Lambda", "14. Lambda\14. Lambda.vcxproj", "{267EF106-98BD-4DA3-B869-0F3AF4C5B649}"
EndProject
Global
	GlobalSection(SolutionConfigurationPlatforms) = preSolution
		Debug|x64 = Debug|x64
		Debug|x86 = Debug|x86
		Release|x64 = Release|x64
		Release|x86 = Release|x86
	EndGlobalSection
	GlobalSection(ProjectConfigurationPlatforms) = postSolution
		{267EF106-98BD-4DA3-B869-0F3AF4C5B649}.Debug|x64.ActiveCfg = Debug|x64
		{267EF106-98BD-4DA3-B869-0F3AF4C5B649}.Debug|x64.Build.0 = Debug|x64
		{267EF106-98BD-4DA3-B869-0F3AF4C5B649}.Debug|x86.ActiveCfg = Debug|Win32
		{267EF106-98BD-4DA3-B869-0F3AF4C5B649}.Debug|x86.Build.0 = Debug|Win32
		{267EF106-98BD-4DA3-B869-0F3AF4C5B649}.Release|x64.ActiveCfg = Release|x64
		{267EF106-98BD-4DA3-B869-0F3AF4C5B649}.Release|x64.Build.0 = Release|x64
		{267EF106-98BD-4DA3-B869-0F3AF4C5B649}.Release|x86.ActiveCfg = Release|Win32
		{267EF106-98BD-4DA3-B869-0F3AF4C5B649}.Release|x86.Build.0 = Release|Win32
	EndGlobalSection
	GlobalSection(SolutionProperties) = preSolution
		HideSolutionNode = FALSE
	EndGlobalSection
	GlobalSection(ExtensibilityGlobals) = postSolution
		SolutionGuid = {6D7A700D-7D15-46F1-9661-1CFEF2C0F6CC}
	EndGlobalSection
EndGlobal
